
Microsoft Visual Studio Solution File, Format Version 12.00
# Visual Studio Version 17
VisualStudioVersion = 17.9.34728.123
MinimumVisualStudioVersion = 10.0.40219.1
Project("{FAE04EC0-301F-11D3-BF4B-00C04F79EFBC}") = "Pulsar-Current-Fix", "Pulsar-Current-Fix.csproj", "{503347DC-353A-4D3C-9BED-9FA6863738EB}"
EndProject
Global
	GlobalSection(SolutionConfigurationPlatforms) = preSolution
		Debug|Any CPU = Debug|Any CPU
		Release|Any CPU = Release|Any CPU
	EndGlobalSection
	GlobalSection(ProjectConfigurationPlatforms) = postSolution
		{503347DC-353A-4D3C-9BED-9FA6863738EB}.Debug|Any CPU.ActiveCfg = Debug|Any CPU
		{503347DC-353A-4D3C-9BED-9FA6863738EB}.Debug|Any CPU.Build.0 = Debug|Any CPU
		{503347DC-353A-4D3C-9BED-9FA6863738EB}.Release|Any CPU.ActiveCfg = Release|Any CPU
		{503347DC-353A-4D3C-9BED-9FA6863738EB}.Release|Any CPU.Build.0 = Release|Any CPU
	EndGlobalSection
	GlobalSection(SolutionProperties) = preSolution
		HideSolutionNode = FALSE
	EndGlobalSection
	GlobalSection(ExtensibilityGlobals) = postSolution
		SolutionGuid = {B42F5A55-C2B3-4CF7-91E6-6C7FE491DA01}
	EndGlobalSection
EndGlobal
